// !$*UTF8*$!
{
	archiveVersion = 1;
	classes = {
	};
	objectVersion = 50;
	objects = {

/* Begin PBXBuildFile section */
		7CA8E30C21ABA39500AFF059 /* AppDelegate.swift in Sources */ = {isa = PBXBuildFile; fileRef = 7CA8E30B21ABA39500AFF059 /* AppDelegate.swift */; };
		7CA8E30E21ABA39500AFF059 /* art.scnassets in Resources */ = {isa = PBXBuildFile; fileRef = 7CA8E30D21ABA39500AFF059 /* art.scnassets */; };
		7CA8E31021ABA39500AFF059 /* ViewController.swift in Sources */ = {isa = PBXBuildFile; fileRef = 7CA8E30F21ABA39500AFF059 /* ViewController.swift */; };
		7CA8E31321ABA39500AFF059 /* Main.storyboard in Resources */ = {isa = PBXBuildFile; fileRef = 7CA8E31121ABA39500AFF059 /* Main.storyboard */; };
		7CA8E31521ABA39500AFF059 /* Assets.xcassets in Resources */ = {isa = PBXBuildFile; fileRef = 7CA8E31421ABA39500AFF059 /* Assets.xcassets */; };
		7CA8E31821ABA39500AFF059 /* LaunchScreen.storyboard in Resources */ = {isa = PBXBuildFile; fileRef = 7CA8E31621ABA39500AFF059 /* LaunchScreen.storyboard */; };
		7CA8E32321ABA39500AFF059 /* AR_ParibusTests.swift in Sources */ = {isa = PBXBuildFile; fileRef = 7CA8E32221ABA39500AFF059 /* AR_ParibusTests.swift */; };
		7CA8E32E21ABA39500AFF059 /* AR_ParibusUITests.swift in Sources */ = {isa = PBXBuildFile; fileRef = 7CA8E32D21ABA39500AFF059 /* AR_ParibusUITests.swift */; };
/* End PBXBuildFile section */

/* Begin PBXContainerItemProxy section */
		7CA8E31F21ABA39500AFF059 /* PBXContainerItemProxy */ = {
			isa = PBXContainerItemProxy;
			containerPortal = 7CA8E30021ABA39500AFF059 /* Project object */;
			proxyType = 1;
			remoteGlobalIDString = 7CA8E30721ABA39500AFF059;
			remoteInfo = "AR+Paribus";
		};
		7CA8E32A21ABA39500AFF059 /* PBXContainerItemProxy */ = {
			isa = PBXContainerItemProxy;
			containerPortal = 7CA8E30021ABA39500AFF059 /* Project object */;
			proxyType = 1;
			remoteGlobalIDString = 7CA8E30721ABA39500AFF059;
			remoteInfo = "AR+Paribus";
		};
/* End PBXContainerItemProxy section */

/* Begin PBXFileReference section */
		7CA8E30821ABA39500AFF059 /* AR+Paribus.app */ = {isa = PBXFileReference; explicitFileType = wrapper.application; includeInIndex = 0; path = "AR+Paribus.app"; sourceTree = BUILT_PRODUCTS_DIR; };
		7CA8E30B21ABA39500AFF059 /* AppDelegate.swift */ = {isa = PBXFileReference; lastKnownFileType = sourcecode.swift; path = AppDelegate.swift; sourceTree = "<group>"; };
		7CA8E30D21ABA39500AFF059 /* art.scnassets */ = {isa = PBXFileReference; lastKnownFileType = wrapper.scnassets; path = art.scnassets; sourceTree = "<group>"; };
		7CA8E30F21ABA39500AFF059 /* ViewController.swift */ = {isa = PBXFileReference; lastKnownFileType = sourcecode.swift; path = ViewController.swift; sourceTree = "<group>"; };
		7CA8E31221ABA39500AFF059 /* Base */ = {isa = PBXFileReference; lastKnownFileType = file.storyboard; name = Base; path = Base.lproj/Main.storyboard; sourceTree = "<group>"; };
		7CA8E31421ABA39500AFF059 /* Assets.xcassets */ = {isa = PBXFileReference; lastKnownFileType = folder.assetcatalog; path = Assets.xcassets; sourceTree = "<group>"; };
		7CA8E31721ABA39500AFF059 /* Base */ = {isa = PBXFileReference; lastKnownFileType = file.storyboard; name = Base; path = Base.lproj/LaunchScreen.storyboard; sourceTree = "<group>"; };
		7CA8E31921ABA39500AFF059 /* Info.plist */ = {isa = PBXFileReference; lastKnownFileType = text.plist.xml; path = Info.plist; sourceTree = "<group>"; };
		7CA8E31E21ABA39500AFF059 /* AR+ParibusTests.xctest */ = {isa = PBXFileReference; explicitFileType = wrapper.cfbundle; includeInIndex = 0; path = "AR+ParibusTests.xctest"; sourceTree = BUILT_PRODUCTS_DIR; };
		7CA8E32221ABA39500AFF059 /* AR_ParibusTests.swift */ = {isa = PBXFileReference; lastKnownFileType = sourcecode.swift; path = AR_ParibusTests.swift; sourceTree = "<group>"; };
		7CA8E32421ABA39500AFF059 /* Info.plist */ = {isa = PBXFileReference; lastKnownFileType = text.plist.xml; path = Info.plist; sourceTree = "<group>"; };
		7CA8E32921ABA39500AFF059 /* AR+ParibusUITests.xctest */ = {isa = PBXFileReference; explicitFileType = wrapper.cfbundle; includeInIndex = 0; path = "AR+ParibusUITests.xctest"; sourceTree = BUILT_PRODUCTS_DIR; };
		7CA8E32D21ABA39500AFF059 /* AR_ParibusUITests.swift */ = {isa = PBXFileReference; lastKnownFileType = sourcecode.swift; path = AR_ParibusUITests.swift; sourceTree = "<group>"; };
		7CA8E32F21ABA39500AFF059 /* Info.plist */ = {isa = PBXFileReference; lastKnownFileType = text.plist.xml; path = Info.plist; sourceTree = "<group>"; };
/* End PBXFileReference section */

/* Begin PBXFrameworksBuildPhase section */
		7CA8E30521ABA39500AFF059 /* Frameworks */ = {
			isa = PBXFrameworksBuildPhase;
			buildActionMask = 2147483647;
			files = (
			);
			runOnlyForDeploymentPostprocessing = 0;
		};
		7CA8E31B21ABA39500AFF059 /* Frameworks */ = {
			isa = PBXFrameworksBuildPhase;
			buildActionMask = 2147483647;
			files = (
			);
			runOnlyForDeploymentPostprocessing = 0;
		};
		7CA8E32621ABA39500AFF059 /* Frameworks */ = {
			isa = PBXFrameworksBuildPhase;
			buildActionMask = 2147483647;
			files = (
			);
			runOnlyForDeploymentPostprocessing = 0;
		};
/* End PBXFrameworksBuildPhase section */

/* Begin PBXGroup section */
		7CA8E2FF21ABA39500AFF059 = {
			isa = PBXGroup;
			children = (
				7CA8E30A21ABA39500AFF059 /* AR+Paribus */,
				7CA8E32121ABA39500AFF059 /* AR+ParibusTests */,
				7CA8E32C21ABA39500AFF059 /* AR+ParibusUITests */,
				7CA8E30921ABA39500AFF059 /* Products */,
			);
			sourceTree = "<group>";
		};
		7CA8E30921ABA39500AFF059 /* Products */ = {
			isa = PBXGroup;
			children = (
				7CA8E30821ABA39500AFF059 /* AR+Paribus.app */,
				7CA8E31E21ABA39500AFF059 /* AR+ParibusTests.xctest */,
				7CA8E32921ABA39500AFF059 /* AR+ParibusUITests.xctest */,
			);
			name = Products;
			sourceTree = "<group>";
		};
		7CA8E30A21ABA39500AFF059 /* AR+Paribus */ = {
			isa = PBXGroup;
			children = (
				7CA8E30B21ABA39500AFF059 /* AppDelegate.swift */,
				7CA8E30D21ABA39500AFF059 /* art.scnassets */,
				7CA8E30F21ABA39500AFF059 /* ViewController.swift */,
				7CA8E31121ABA39500AFF059 /* Main.storyboard */,
				7CA8E31421ABA39500AFF059 /* Assets.xcassets */,
				7CA8E31621ABA39500AFF059 /* LaunchScreen.storyboard */,
				7CA8E31921ABA39500AFF059 /* Info.plist */,
			);
			path = "AR+Paribus";
			sourceTree = "<group>";
		};
		7CA8E32121ABA39500AFF059 /* AR+ParibusTests */ = {
			isa = PBXGroup;
			children = (
				7CA8E32221ABA39500AFF059 /* AR_ParibusTests.swift */,
				7CA8E32421ABA39500AFF059 /* Info.plist */,
			);
			path = "AR+ParibusTests";
			sourceTree = "<group>";
		};
		7CA8E32C21ABA39500AFF059 /* AR+ParibusUITests */ = {
			isa = PBXGroup;
			children = (
				7CA8E32D21ABA39500AFF059 /* AR_ParibusUITests.swift */,
				7CA8E32F21ABA39500AFF059 /* Info.plist */,
			);
			path = "AR+ParibusUITests";
			sourceTree = "<group>";
		};
/* End PBXGroup section */

/* Begin PBXNativeTarget section */
		7CA8E30721ABA39500AFF059 /* AR+Paribus */ = {
			isa = PBXNativeTarget;
			buildConfigurationList = 7CA8E33221ABA39500AFF059 /* Build configuration list for PBXNativeTarget "AR+Paribus" */;
			buildPhases = (
				7CA8E30421ABA39500AFF059 /* Sources */,
				7CA8E30521ABA39500AFF059 /* Frameworks */,
				7CA8E30621ABA39500AFF059 /* Resources */,
			);
			buildRules = (
			);
			dependencies = (
			);
			name = "AR+Paribus";
			productName = "AR+Paribus";
			productReference = 7CA8E30821ABA39500AFF059 /* AR+Paribus.app */;
			productType = "com.apple.product-type.application";
		};
		7CA8E31D21ABA39500AFF059 /* AR+ParibusTests */ = {
			isa = PBXNativeTarget;
			buildConfigurationList = 7CA8E33521ABA39500AFF059 /* Build configuration list for PBXNativeTarget "AR+ParibusTests" */;
			buildPhases = (
				7CA8E31A21ABA39500AFF059 /* Sources */,
				7CA8E31B21ABA39500AFF059 /* Frameworks */,
				7CA8E31C21ABA39500AFF059 /* Resources */,
			);
			buildRules = (
			);
			dependencies = (
				7CA8E32021ABA39500AFF059 /* PBXTargetDependency */,
			);
			name = "AR+ParibusTests";
			productName = "AR+ParibusTests";
			productReference = 7CA8E31E21ABA39500AFF059 /* AR+ParibusTests.xctest */;
			productType = "com.apple.product-type.bundle.unit-test";
		};
		7CA8E32821ABA39500AFF059 /* AR+ParibusUITests */ = {
			isa = PBXNativeTarget;
			buildConfigurationList = 7CA8E33821ABA39500AFF059 /* Build configuration list for PBXNativeTarget "AR+ParibusUITests" */;
			buildPhases = (
				7CA8E32521ABA39500AFF059 /* Sources */,
				7CA8E32621ABA39500AFF059 /* Frameworks */,
				7CA8E32721ABA39500AFF059 /* Resources */,
			);
			buildRules = (
			);
			dependencies = (
				7CA8E32B21ABA39500AFF059 /* PBXTargetDependency */,
			);
			name = "AR+ParibusUITests";
			productName = "AR+ParibusUITests";
			productReference = 7CA8E32921ABA39500AFF059 /* AR+ParibusUITests.xctest */;
			productType = "com.apple.product-type.bundle.ui-testing";
		};
/* End PBXNativeTarget section */

/* Begin PBXProject section */
		7CA8E30021ABA39500AFF059 /* Project object */ = {
			isa = PBXProject;
			attributes = {
				LastSwiftUpdateCheck = 1010;
				LastUpgradeCheck = 1010;
				ORGANIZATIONNAME = "Roshan Narayan";
				TargetAttributes = {
					7CA8E30721ABA39500AFF059 = {
						CreatedOnToolsVersion = 10.1;
					};
					7CA8E31D21ABA39500AFF059 = {
						CreatedOnToolsVersion = 10.1;
						TestTargetID = 7CA8E30721ABA39500AFF059;
					};
					7CA8E32821ABA39500AFF059 = {
						CreatedOnToolsVersion = 10.1;
						TestTargetID = 7CA8E30721ABA39500AFF059;
					};
				};
			};
			buildConfigurationList = 7CA8E30321ABA39500AFF059 /* Build configuration list for PBXProject "AR+Paribus" */;
			compatibilityVersion = "Xcode 9.3";
			developmentRegion = en;
			hasScannedForEncodings = 0;
			knownRegions = (
				en,
				Base,
			);
			mainGroup = 7CA8E2FF21ABA39500AFF059;
			productRefGroup = 7CA8E30921ABA39500AFF059 /* Products */;
			projectDirPath = "";
			projectRoot = "";
			targets = (
				7CA8E30721ABA39500AFF059 /* AR+Paribus */,
				7CA8E31D21ABA39500AFF059 /* AR+ParibusTests */,
				7CA8E32821ABA39500AFF059 /* AR+ParibusUITests */,
			);
		};
/* End PBXProject section */

/* Begin PBXResourcesBuildPhase section */
		7CA8E30621ABA39500AFF059 /* Resources */ = {
			isa = PBXResourcesBuildPhase;
			buildActionMask = 2147483647;
			files = (
				7CA8E30E21ABA39500AFF059 /* art.scnassets in Resources */,
				7CA8E31821ABA39500AFF059 /* LaunchScreen.storyboard in Resources */,
				7CA8E31521ABA39500AFF059 /* Assets.xcassets in Resources */,
				7CA8E31321ABA39500AFF059 /* Main.storyboard in Resources */,
			);
			runOnlyForDeploymentPostprocessing = 0;
		};
		7CA8E31C21ABA39500AFF059 /* Resources */ = {
			isa = PBXResourcesBuildPhase;
			buildActionMask = 2147483647;
			files = (
			);
			runOnlyForDeploymentPostprocessing = 0;
		};
		7CA8E32721ABA39500AFF059 /* Resources */ = {
			isa = PBXResourcesBuildPhase;
			buildActionMask = 2147483647;
			files = (
			);
			runOnlyForDeploymentPostprocessing = 0;
		};
/* End PBXResourcesBuildPhase section */

/* Begin PBXSourcesBuildPhase section */
		7CA8E30421ABA39500AFF059 /* Sources */ = {
			isa = PBXSourcesBuildPhase;
			buildActionMask = 2147483647;
			files = (
				7CA8E31021ABA39500AFF059 /* ViewController.swift in Sources */,
				7CA8E30C21ABA39500AFF059 /* AppDelegate.swift in Sources */,
			);
			runOnlyForDeploymentPostprocessing = 0;
		};
		7CA8E31A21ABA39500AFF059 /* Sources */ = {
			isa = PBXSourcesBuildPhase;
			buildActionMask = 2147483647;
			files = (
				7CA8E32321ABA39500AFF059 /* AR_ParibusTests.swift in Sources */,
			);
			runOnlyForDeploymentPostprocessing = 0;
		};
		7CA8E32521ABA39500AFF059 /* Sources */ = {
			isa = PBXSourcesBuildPhase;
			buildActionMask = 2147483647;
			files = (
				7CA8E32E21ABA39500AFF059 /* AR_ParibusUITests.swift in Sources */,
			);
			runOnlyForDeploymentPostprocessing = 0;
		};
/* End PBXSourcesBuildPhase section */

/* Begin PBXTargetDependency section */
		7CA8E32021ABA39500AFF059 /* PBXTargetDependency */ = {
			isa = PBXTargetDependency;
			target = 7CA8E30721ABA39500AFF059 /* AR+Paribus */;
			targetProxy = 7CA8E31F21ABA39500AFF059 /* PBXContainerItemProxy */;
		};
		7CA8E32B21ABA39500AFF059 /* PBXTargetDependency */ = {
			isa = PBXTargetDependency;
			target = 7CA8E30721ABA39500AFF059 /* AR+Paribus */;
			targetProxy = 7CA8E32A21ABA39500AFF059 /* PBXContainerItemProxy */;
		};
/* End PBXTargetDependency section */

/* Begin PBXVariantGroup section */
		7CA8E31121ABA39500AFF059 /* Main.storyboard */ = {
			isa = PBXVariantGroup;
			children = (
				7CA8E31221ABA39500AFF059 /* Base */,
			);
			name = Main.storyboard;
			sourceTree = "<group>";
		};
		7CA8E31621ABA39500AFF059 /* LaunchScreen.storyboard */ = {
			isa = PBXVariantGroup;
			children = (
				7CA8E31721ABA39500AFF059 /* Base */,
			);
			name = LaunchScreen.storyboard;
			sourceTree = "<group>";
		};
/* End PBXVariantGroup section */

/* Begin XCBuildConfiguration section */
		7CA8E33021ABA39500AFF059 /* Debug */ = {
			isa = XCBuildConfiguration;
			buildSettings = {
				ALWAYS_SEARCH_USER_PATHS = NO;
				CLANG_ANALYZER_NONNULL = YES;
				CLANG_ANALYZER_NUMBER_OBJECT_CONVERSION = YES_AGGRESSIVE;
				CLANG_CXX_LANGUAGE_STANDARD = "gnu++14";
				CLANG_CXX_LIBRARY = "libc++";
				CLANG_ENABLE_MODULES = YES;
				CLANG_ENABLE_OBJC_ARC = YES;
				CLANG_ENABLE_OBJC_WEAK = YES;
				CLANG_WARN_BLOCK_CAPTURE_AUTORELEASING = YES;
				CLANG_WARN_BOOL_CONVERSION = YES;
				CLANG_WARN_COMMA = YES;
				CLANG_WARN_CONSTANT_CONVERSION = YES;
				CLANG_WARN_DEPRECATED_OBJC_IMPLEMENTATIONS = YES;
				CLANG_WARN_DIRECT_OBJC_ISA_USAGE = YES_ERROR;
				CLANG_WARN_DOCUMENTATION_COMMENTS = YES;
				CLANG_WARN_EMPTY_BODY = YES;
				CLANG_WARN_ENUM_CONVERSION = YES;
				CLANG_WARN_INFINITE_RECURSION = YES;
				CLANG_WARN_INT_CONVERSION = YES;
				CLANG_WARN_NON_LITERAL_NULL_CONVERSION = YES;
				CLANG_WARN_OBJC_IMPLICIT_RETAIN_SELF = YES;
				CLANG_WARN_OBJC_LITERAL_CONVERSION = YES;
				CLANG_WARN_OBJC_ROOT_CLASS = YES_ERROR;
				CLANG_WARN_RANGE_LOOP_ANALYSIS = YES;
				CLANG_WARN_STRICT_PROTOTYPES = YES;
				CLANG_WARN_SUSPICIOUS_MOVE = YES;
				CLANG_WARN_UNGUARDED_AVAILABILITY = YES_AGGRESSIVE;
				CLANG_WARN_UNREACHABLE_CODE = YES;
				CLANG_WARN__DUPLICATE_METHOD_MATCH = YES;
				CODE_SIGN_IDENTITY = "iPhone Developer";
				COPY_PHASE_STRIP = NO;
				DEBUG_INFORMATION_FORMAT = dwarf;
				ENABLE_STRICT_OBJC_MSGSEND = YES;
				ENABLE_TESTABILITY = YES;
				GCC_C_LANGUAGE_STANDARD = gnu11;
				GCC_DYNAMIC_NO_PIC = NO;
				GCC_NO_COMMON_BLOCKS = YES;
				GCC_OPTIMIZATION_LEVEL = 0;
				GCC_PREPROCESSOR_DEFINITIONS = (
					"DEBUG=1",
					"$(inherited)",
				);
				GCC_WARN_64_TO_32_BIT_CONVERSION = YES;
				GCC_WARN_ABOUT_RETURN_TYPE = YES_ERROR;
				GCC_WARN_UNDECLARED_SELECTOR = YES;
				GCC_WARN_UNINITIALIZED_AUTOS = YES_AGGRESSIVE;
				GCC_WARN_UNUSED_FUNCTION = YES;
				GCC_WARN_UNUSED_VARIABLE = YES;
				IPHONEOS_DEPLOYMENT_TARGET = 12.1;
				MTL_ENABLE_DEBUG_INFO = INCLUDE_SOURCE;
				MTL_FAST_MATH = YES;
				ONLY_ACTIVE_ARCH = YES;
				SDKROOT = iphoneos;
				SWIFT_ACTIVE_COMPILATION_CONDITIONS = DEBUG;
				SWIFT_OPTIMIZATION_LEVEL = "-Onone";
			};
			name = Debug;
		};
		7CA8E33121ABA39500AFF059 /* Release */ = {
			isa = XCBuildConfiguration;
			buildSettings = {
				ALWAYS_SEARCH_USER_PATHS = NO;
				CLANG_ANALYZER_NONNULL = YES;
				CLANG_ANALYZER_NUMBER_OBJECT_CONVERSION = YES_AGGRESSIVE;
				CLANG_CXX_LANGUAGE_STANDARD = "gnu++14";
				CLANG_CXX_LIBRARY = "libc++";
				CLANG_ENABLE_MODULES = YES;
				CLANG_ENABLE_OBJC_ARC = YES;
				CLANG_ENABLE_OBJC_WEAK = YES;
				CLANG_WARN_BLOCK_CAPTURE_AUTORELEASING = YES;
				CLANG_WARN_BOOL_CONVERSION = YES;
				CLANG_WARN_COMMA = YES;
				CLANG_WARN_CONSTANT_CONVERSION = YES;
				CLANG_WARN_DEPRECATED_OBJC_IMPLEMENTATIONS = YES;
				CLANG_WARN_DIRECT_OBJC_ISA_USAGE = YES_ERROR;
				CLANG_WARN_DOCUMENTATION_COMMENTS = YES;
				CLANG_WARN_EMPTY_BODY = YES;
				CLANG_WARN_ENUM_CONVERSION = YES;
				CLANG_WARN_INFINITE_RECURSION = YES;
				CLANG_WARN_INT_CONVERSION = YES;
				CLANG_WARN_NON_LITERAL_NULL_CONVERSION = YES;
				CLANG_WARN_OBJC_IMPLICIT_RETAIN_SELF = YES;
				CLANG_WARN_OBJC_LITERAL_CONVERSION = YES;
				CLANG_WARN_OBJC_ROOT_CLASS = YES_ERROR;
				CLANG_WARN_RANGE_LOOP_ANALYSIS = YES;
				CLANG_WARN_STRICT_PROTOTYPES = YES;
				CLANG_WARN_SUSPICIOUS_MOVE = YES;
				CLANG_WARN_UNGUARDED_AVAILABILITY = YES_AGGRESSIVE;
				CLANG_WARN_UNREACHABLE_CODE = YES;
				CLANG_WARN__DUPLICATE_METHOD_MATCH = YES;
				CODE_SIGN_IDENTITY = "iPhone Developer";
				COPY_PHASE_STRIP = NO;
				DEBUG_INFORMATION_FORMAT = "dwarf-with-dsym";
				ENABLE_NS_ASSERTIONS = NO;
				ENABLE_STRICT_OBJC_MSGSEND = YES;
				GCC_C_LANGUAGE_STANDARD = gnu11;
				GCC_NO_COMMON_BLOCKS = YES;
				GCC_WARN_64_TO_32_BIT_CONVERSION = YES;
				GCC_WARN_ABOUT_RETURN_TYPE = YES_ERROR;
				GCC_WARN_UNDECLARED_SELECTOR = YES;
				GCC_WARN_UNINITIALIZED_AUTOS = YES_AGGRESSIVE;
				GCC_WARN_UNUSED_FUNCTION = YES;
				GCC_WARN_UNUSED_VARIABLE = YES;
				IPHONEOS_DEPLOYMENT_TARGET = 12.1;
				MTL_ENABLE_DEBUG_INFO = NO;
				MTL_FAST_MATH = YES;
				SDKROOT = iphoneos;
				SWIFT_COMPILATION_MODE = wholemodule;
				SWIFT_OPTIMIZATION_LEVEL = "-O";
				VALIDATE_PRODUCT = YES;
			};
			name = Release;
		};
		7CA8E33321ABA39500AFF059 /* Debug */ = {
			isa = XCBuildConfiguration;
			buildSettings = {
				ASSETCATALOG_COMPILER_APPICON_NAME = AppIcon;
				CODE_SIGN_STYLE = Automatic;
				DEVELOPMENT_TEAM = K43DMUAJ72;
				INFOPLIST_FILE = "AR+Paribus/Info.plist";
				LD_RUNPATH_SEARCH_PATHS = (
					"$(inherited)",
					"@executable_path/Frameworks",
				);
				PRODUCT_BUNDLE_IDENTIFIER = "rnarayan7.AR-Paribus";
				PRODUCT_NAME = "$(TARGET_NAME)";
				SWIFT_VERSION = 4.2;
				TARGETED_DEVICE_FAMILY = "1,2";
			};
			name = Debug;
		};
		7CA8E33421ABA39500AFF059 /* Release */ = {
			isa = XCBuildConfiguration;
			buildSettings = {
				ASSETCATALOG_COMPILER_APPICON_NAME = AppIcon;
				CODE_SIGN_STYLE = Automatic;
				DEVELOPMENT_TEAM = K43DMUAJ72;
				INFOPLIST_FILE = "AR+Paribus/Info.plist";
				LD_RUNPATH_SEARCH_PATHS = (
					"$(inherited)",
					"@executable_path/Frameworks",
				);
				PRODUCT_BUNDLE_IDENTIFIER = "rnarayan7.AR-Paribus";
				PRODUCT_NAME = "$(TARGET_NAME)";
				SWIFT_VERSION = 4.2;
				TARGETED_DEVICE_FAMILY = "1,2";
			};
			name = Release;
		};
		7CA8E33621ABA39500AFF059 /* Debug */ = {
			isa = XCBuildConfiguration;
			buildSettings = {
				ALWAYS_EMBED_SWIFT_STANDARD_LIBRARIES = YES;
				BUNDLE_LOADER = "$(TEST_HOST)";
				CODE_SIGN_STYLE = Automatic;
				DEVELOPMENT_TEAM = K43DMUAJ72;
				INFOPLIST_FILE = "AR+ParibusTests/Info.plist";
				LD_RUNPATH_SEARCH_PATHS = (
					"$(inherited)",
					"@executable_path/Frameworks",
					"@loader_path/Frameworks",
				);
				PRODUCT_BUNDLE_IDENTIFIER = "rnarayan7.AR-ParibusTests";
				PRODUCT_NAME = "$(TARGET_NAME)";
				SWIFT_VERSION = 4.2;
				TARGETED_DEVICE_FAMILY = "1,2";
				TEST_HOST = "$(BUILT_PRODUCTS_DIR)/AR+Paribus.app/AR+Paribus";
			};
			name = Debug;
		};
		7CA8E33721ABA39500AFF059 /* Release */ = {
			isa = XCBuildConfiguration;
			buildSettings = {
				ALWAYS_EMBED_SWIFT_STANDARD_LIBRARIES = YES;
				BUNDLE_LOADER = "$(TEST_HOST)";
				CODE_SIGN_STYLE = Automatic;
				DEVELOPMENT_TEAM = K43DMUAJ72;
				INFOPLIST_FILE = "AR+ParibusTests/Info.plist";
				LD_RUNPATH_SEARCH_PATHS = (
					"$(inherited)",
					"@executable_path/Frameworks",
					"@loader_path/Frameworks",
				);
				PRODUCT_BUNDLE_IDENTIFIER = "rnarayan7.AR-ParibusTests";
				PRODUCT_NAME = "$(TARGET_NAME)";
				SWIFT_VERSION = 4.2;
				TARGETED_DEVICE_FAMILY = "1,2";
				TEST_HOST = "$(BUILT_PRODUCTS_DIR)/AR+Paribus.app/AR+Paribus";
			};
			name = Release;
		};
		7CA8E33921ABA39500AFF059 /* Debug */ = {
			isa = XCBuildConfiguration;
			buildSettings = {
				ALWAYS_EMBED_SWIFT_STANDARD_LIBRARIES = YES;
				CODE_SIGN_STYLE = Automatic;
				DEVELOPMENT_TEAM = K43DMUAJ72;
				INFOPLIST_FILE = "AR+ParibusUITests/Info.plist";
				LD_RUNPATH_SEARCH_PATHS = (
					"$(inherited)",
					"@executable_path/Frameworks",
					"@loader_path/Frameworks",
				);
				PRODUCT_BUNDLE_IDENTIFIER = "rnarayan7.AR-ParibusUITests";
				PRODUCT_NAME = "$(TARGET_NAME)";
				SWIFT_VERSION = 4.2;
				TARGETED_DEVICE_FAMILY = "1,2";
				TEST_TARGET_NAME = "AR+Paribus";
			};
			name = Debug;
		};
		7CA8E33A21ABA39500AFF059 /* Release */ = {
			isa = XCBuildConfiguration;
			buildSettings = {
				ALWAYS_EMBED_SWIFT_STANDARD_LIBRARIES = YES;
				CODE_SIGN_STYLE = Automatic;
				DEVELOPMENT_TEAM = K43DMUAJ72;
				INFOPLIST_FILE = "AR+ParibusUITests/Info.plist";
				LD_RUNPATH_SEARCH_PATHS = (
					"$(inherited)",
					"@executable_path/Frameworks",
					"@loader_path/Frameworks",
				);
				PRODUCT_BUNDLE_IDENTIFIER = "rnarayan7.AR-ParibusUITests";
				PRODUCT_NAME = "$(TARGET_NAME)";
				SWIFT_VERSION = 4.2;
				TARGETED_DEVICE_FAMILY = "1,2";
				TEST_TARGET_NAME = "AR+Paribus";
			};
			name = Release;
		};
/* End XCBuildConfiguration section */

/* Begin XCConfigurationList section */
		7CA8E30321ABA39500AFF059 /* Build configuration list for PBXProject "AR+Paribus" */ = {
			isa = XCConfigurationList;
			buildConfigurations = (
				7CA8E33021ABA39500AFF059 /* Debug */,
				7CA8E33121ABA39500AFF059 /* Release */,
			);
			defaultConfigurationIsVisible = 0;
			defaultConfigurationName = Release;
		};
		7CA8E33221ABA39500AFF059 /* Build configuration list for PBXNativeTarget "AR+Paribus" */ = {
			isa = XCConfigurationList;
			buildConfigurations = (
				7CA8E33321ABA39500AFF059 /* Debug */,
				7CA8E33421ABA39500AFF059 /* Release */,
			);
			defaultConfigurationIsVisible = 0;
			defaultConfigurationName = Release;
		};
		7CA8E33521ABA39500AFF059 /* Build configuration list for PBXNativeTarget "AR+ParibusTests" */ = {
			isa = XCConfigurationList;
			buildConfigurations = (
				7CA8E33621ABA39500AFF059 /* Debug */,
				7CA8E33721ABA39500AFF059 /* Release */,
			);
			defaultConfigurationIsVisible = 0;
			defaultConfigurationName = Release;
		};
		7CA8E33821ABA39500AFF059 /* Build configuration list for PBXNativeTarget "AR+ParibusUITests" */ = {
			isa = XCConfigurationList;
			buildConfigurations = (
				7CA8E33921ABA39500AFF059 /* Debug */,
				7CA8E33A21ABA39500AFF059 /* Release */,
			);
			defaultConfigurationIsVisible = 0;
			defaultConfigurationName = Release;
		};
/* End XCConfigurationList section */
	};
	rootObject = 7CA8E30021ABA39500AFF059 /* Project object */;
}
